// !$*UTF8*$!
{
	archiveVersion = 1;
	classes = {
	};
	objectVersion = 50;
	objects = {

/* Begin PBXBuildFile section */
		C3610F5B246087FD00FE74B8 /* solver.cpp in Sources */ = {isa = PBXBuildFile; fileRef = C3610F5A246087FD00FE74B8 /* solver.cpp */; };
		C3B76510245F0F4C0059421F /* placer.cpp in Sources */ = {isa = PBXBuildFile; fileRef = C3B7650E245F0F4C0059421F /* placer.cpp */; };
		C3DE1FE0245F0B3B001F95C1 /* main.cpp in Sources */ = {isa = PBXBuildFile; fileRef = C3DE1FDF245F0B3B001F95C1 /* main.cpp */; };
/* End PBXBuildFile section */

/* Begin PBXCopyFilesBuildPhase section */
		C3DE1FDA245F0B3A001F95C1 /* CopyFiles */ = {
			isa = PBXCopyFilesBuildPhase;
			buildActionMask = 2147483647;
			dstPath = /usr/share/man/man1/;
			dstSubfolderSpec = 0;
			files = (
			);
			runOnlyForDeploymentPostprocessing = 1;
		};
/* End PBXCopyFilesBuildPhase section */

/* Begin PBXFileReference section */
		C3610F59246087FD00FE74B8 /* solver.h */ = {isa = PBXFileReference; fileEncoding = 4; lastKnownFileType = sourcecode.c.h; path = solver.h; sourceTree = "<group>"; };
		C3610F5A246087FD00FE74B8 /* solver.cpp */ = {isa = PBXFileReference; fileEncoding = 4; lastKnownFileType = sourcecode.cpp.cpp; path = solver.cpp; sourceTree = "<group>"; };
		C3610F5E24609DAD00FE74B8 /* toy1 */ = {isa = PBXFileReference; lastKnownFileType = text; path = toy1; sourceTree = "<group>"; };
		C3610F5F2461857500FE74B8 /* struct */ = {isa = PBXFileReference; fileEncoding = 4; lastKnownFileType = text; path = struct; sourceTree = "<group>"; };
		C3610F602461857500FE74B8 /* primary1 */ = {isa = PBXFileReference; fileEncoding = 4; lastKnownFileType = text; path = primary1; sourceTree = "<group>"; };
		C3610F612461857500FE74B8 /* toy2 */ = {isa = PBXFileReference; fileEncoding = 4; lastKnownFileType = text; path = toy2; sourceTree = "<group>"; };
		C3610F622461857500FE74B8 /* fract */ = {isa = PBXFileReference; fileEncoding = 4; lastKnownFileType = text; path = fract; sourceTree = "<group>"; };
		C3B7650E245F0F4C0059421F /* placer.cpp */ = {isa = PBXFileReference; lastKnownFileType = sourcecode.cpp.cpp; path = placer.cpp; sourceTree = "<group>"; };
		C3B7650F245F0F4C0059421F /* placer.hpp */ = {isa = PBXFileReference; lastKnownFileType = sourcecode.cpp.h; path = placer.hpp; sourceTree = "<group>"; };
		C3DE1FDC245F0B3B001F95C1 /* placer */ = {isa = PBXFileReference; explicitFileType = "compiled.mach-o.executable"; includeInIndex = 0; path = placer; sourceTree = BUILT_PRODUCTS_DIR; };
		C3DE1FDF245F0B3B001F95C1 /* main.cpp */ = {isa = PBXFileReference; lastKnownFileType = sourcecode.cpp.cpp; path = main.cpp; sourceTree = "<group>"; };
		C3FC69EE245F0B7300D34CEF /* solver */ = {isa = PBXFileReference; lastKnownFileType = folder; path = solver; sourceTree = "<group>"; };
		C3FC69F0245F0B7300D34CEF /* benchmark */ = {isa = PBXFileReference; lastKnownFileType = folder; path = benchmark; sourceTree = "<group>"; };
/* End PBXFileReference section */

/* Begin PBXFrameworksBuildPhase section */
		C3DE1FD9245F0B3A001F95C1 /* Frameworks */ = {
			isa = PBXFrameworksBuildPhase;
			buildActionMask = 2147483647;
			files = (
			);
			runOnlyForDeploymentPostprocessing = 0;
		};
/* End PBXFrameworksBuildPhase section */

/* Begin PBXGroup section */
		C3610F5D24609DAD00FE74B8 /* placement */ = {
			isa = PBXGroup;
			children = (
				C3610F622461857500FE74B8 /* fract */,
				C3610F602461857500FE74B8 /* primary1 */,
				C3610F5F2461857500FE74B8 /* struct */,
				C3610F612461857500FE74B8 /* toy2 */,
				C3610F5E24609DAD00FE74B8 /* toy1 */,
			);
			path = placement;
			sourceTree = "<group>";
		};
		C3DE1FD3245F0B3A001F95C1 = {
			isa = PBXGroup;
			children = (
				C3DE1FDE245F0B3B001F95C1 /* placer */,
				C3DE1FDD245F0B3B001F95C1 /* Products */,
			);
			sourceTree = "<group>";
		};
		C3DE1FDD245F0B3B001F95C1 /* Products */ = {
			isa = PBXGroup;
			children = (
				C3DE1FDC245F0B3B001F95C1 /* placer */,
			);
			name = Products;
			sourceTree = "<group>";
		};
		C3DE1FDE245F0B3B001F95C1 /* placer */ = {
			isa = PBXGroup;
			children = (
				C3610F5D24609DAD00FE74B8 /* placement */,
				C3FC69F0245F0B7300D34CEF /* benchmark */,
				C3FC69EE245F0B7300D34CEF /* solver */,
				C3DE1FDF245F0B3B001F95C1 /* main.cpp */,
				C3B7650E245F0F4C0059421F /* placer.cpp */,
				C3B7650F245F0F4C0059421F /* placer.hpp */,
				C3610F5A246087FD00FE74B8 /* solver.cpp */,
				C3610F59246087FD00FE74B8 /* solver.h */,
			);
			path = placer;
			sourceTree = "<group>";
		};
/* End PBXGroup section */

/* Begin PBXNativeTarget section */
		C3DE1FDB245F0B3A001F95C1 /* placer */ = {
			isa = PBXNativeTarget;
			buildConfigurationList = C3DE1FE3245F0B3B001F95C1 /* Build configuration list for PBXNativeTarget "placer" */;
			buildPhases = (
				C3DE1FD8245F0B3A001F95C1 /* Sources */,
				C3DE1FD9245F0B3A001F95C1 /* Frameworks */,
				C3DE1FDA245F0B3A001F95C1 /* CopyFiles */,
			);
			buildRules = (
			);
			dependencies = (
			);
			name = placer;
			productName = placer;
			productReference = C3DE1FDC245F0B3B001F95C1 /* placer */;
			productType = "com.apple.product-type.tool";
		};
/* End PBXNativeTarget section */

/* Begin PBXProject section */
		C3DE1FD4245F0B3A001F95C1 /* Project object */ = {
			isa = PBXProject;
			attributes = {
				LastUpgradeCheck = 1030;
				ORGANIZATIONNAME = "Павел Хомич";
				TargetAttributes = {
					C3DE1FDB245F0B3A001F95C1 = {
						CreatedOnToolsVersion = 10.3;
					};
				};
			};
			buildConfigurationList = C3DE1FD7245F0B3A001F95C1 /* Build configuration list for PBXProject "placer" */;
			compatibilityVersion = "Xcode 9.3";
			developmentRegion = en;
			hasScannedForEncodings = 0;
			knownRegions = (
				en,
			);
			mainGroup = C3DE1FD3245F0B3A001F95C1;
			productRefGroup = C3DE1FDD245F0B3B001F95C1 /* Products */;
			projectDirPath = "";
			projectRoot = "";
			targets = (
				C3DE1FDB245F0B3A001F95C1 /* placer */,
			);
		};
/* End PBXProject section */

/* Begin PBXSourcesBuildPhase section */
		C3DE1FD8245F0B3A001F95C1 /* Sources */ = {
			isa = PBXSourcesBuildPhase;
			buildActionMask = 2147483647;
			files = (
				C3DE1FE0245F0B3B001F95C1 /* main.cpp in Sources */,
				C3B76510245F0F4C0059421F /* placer.cpp in Sources */,
				C3610F5B246087FD00FE74B8 /* solver.cpp in Sources */,
			);
			runOnlyForDeploymentPostprocessing = 0;
		};
/* End PBXSourcesBuildPhase section */

/* Begin XCBuildConfiguration section */
		C3DE1FE1245F0B3B001F95C1 /* Debug */ = {
			isa = XCBuildConfiguration;
			buildSettings = {
				ALWAYS_SEARCH_USER_PATHS = NO;
				CLANG_ANALYZER_NONNULL = YES;
				CLANG_ANALYZER_NUMBER_OBJECT_CONVERSION = YES_AGGRESSIVE;
				CLANG_CXX_LANGUAGE_STANDARD = "gnu++14";
				CLANG_CXX_LIBRARY = "libc++";
				CLANG_ENABLE_MODULES = YES;
				CLANG_ENABLE_OBJC_ARC = YES;
				CLANG_ENABLE_OBJC_WEAK = YES;
				CLANG_WARN_BLOCK_CAPTURE_AUTORELEASING = YES;
				CLANG_WARN_BOOL_CONVERSION = YES;
				CLANG_WARN_COMMA = YES;
				CLANG_WARN_CONSTANT_CONVERSION = YES;
				CLANG_WARN_DEPRECATED_OBJC_IMPLEMENTATIONS = YES;
				CLANG_WARN_DIRECT_OBJC_ISA_USAGE = YES_ERROR;
				CLANG_WARN_DOCUMENTATION_COMMENTS = YES;
				CLANG_WARN_EMPTY_BODY = YES;
				CLANG_WARN_ENUM_CONVERSION = YES;
				CLANG_WARN_INFINITE_RECURSION = YES;
				CLANG_WARN_INT_CONVERSION = YES;
				CLANG_WARN_NON_LITERAL_NULL_CONVERSION = YES;
				CLANG_WARN_OBJC_IMPLICIT_RETAIN_SELF = YES;
				CLANG_WARN_OBJC_LITERAL_CONVERSION = YES;
				CLANG_WARN_OBJC_ROOT_CLASS = YES_ERROR;
				CLANG_WARN_RANGE_LOOP_ANALYSIS = YES;
				CLANG_WARN_STRICT_PROTOTYPES = YES;
				CLANG_WARN_SUSPICIOUS_MOVE = YES;
				CLANG_WARN_UNGUARDED_AVAILABILITY = YES_AGGRESSIVE;
				CLANG_WARN_UNREACHABLE_CODE = YES;
				CLANG_WARN__DUPLICATE_METHOD_MATCH = YES;
				CODE_SIGN_IDENTITY = "-";
				COPY_PHASE_STRIP = NO;
				DEBUG_INFORMATION_FORMAT = dwarf;
				ENABLE_STRICT_OBJC_MSGSEND = YES;
				ENABLE_TESTABILITY = YES;
				GCC_C_LANGUAGE_STANDARD = gnu11;
				GCC_DYNAMIC_NO_PIC = NO;
				GCC_NO_COMMON_BLOCKS = YES;
				GCC_OPTIMIZATION_LEVEL = 0;
				GCC_PREPROCESSOR_DEFINITIONS = (
					"DEBUG=1",
					"$(inherited)",
				);
				GCC_WARN_64_TO_32_BIT_CONVERSION = YES;
				GCC_WARN_ABOUT_RETURN_TYPE = YES_ERROR;
				GCC_WARN_UNDECLARED_SELECTOR = YES;
				GCC_WARN_UNINITIALIZED_AUTOS = YES_AGGRESSIVE;
				GCC_WARN_UNUSED_FUNCTION = YES;
				GCC_WARN_UNUSED_VARIABLE = YES;
				MACOSX_DEPLOYMENT_TARGET = 10.14;
				MTL_ENABLE_DEBUG_INFO = INCLUDE_SOURCE;
				MTL_FAST_MATH = YES;
				ONLY_ACTIVE_ARCH = YES;
				SDKROOT = macosx;
			};
			name = Debug;
		};
		C3DE1FE2245F0B3B001F95C1 /* Release */ = {
			isa = XCBuildConfiguration;
			buildSettings = {
				ALWAYS_SEARCH_USER_PATHS = NO;
				CLANG_ANALYZER_NONNULL = YES;
				CLANG_ANALYZER_NUMBER_OBJECT_CONVERSION = YES_AGGRESSIVE;
				CLANG_CXX_LANGUAGE_STANDARD = "gnu++14";
				CLANG_CXX_LIBRARY = "libc++";
				CLANG_ENABLE_MODULES = YES;
				CLANG_ENABLE_OBJC_ARC = YES;
				CLANG_ENABLE_OBJC_WEAK = YES;
				CLANG_WARN_BLOCK_CAPTURE_AUTORELEASING = YES;
				CLANG_WARN_BOOL_CONVERSION = YES;
				CLANG_WARN_COMMA = YES;
				CLANG_WARN_CONSTANT_CONVERSION = YES;
				CLANG_WARN_DEPRECATED_OBJC_IMPLEMENTATIONS = YES;
				CLANG_WARN_DIRECT_OBJC_ISA_USAGE = YES_ERROR;
				CLANG_WARN_DOCUMENTATION_COMMENTS = YES;
				CLANG_WARN_EMPTY_BODY = YES;
				CLANG_WARN_ENUM_CONVERSION = YES;
				CLANG_WARN_INFINITE_RECURSION = YES;
				CLANG_WARN_INT_CONVERSION = YES;
				CLANG_WARN_NON_LITERAL_NULL_CONVERSION = YES;
				CLANG_WARN_OBJC_IMPLICIT_RETAIN_SELF = YES;
				CLANG_WARN_OBJC_LITERAL_CONVERSION = YES;
				CLANG_WARN_OBJC_ROOT_CLASS = YES_ERROR;
				CLANG_WARN_RANGE_LOOP_ANALYSIS = YES;
				CLANG_WARN_STRICT_PROTOTYPES = YES;
				CLANG_WARN_SUSPICIOUS_MOVE = YES;
				CLANG_WARN_UNGUARDED_AVAILABILITY = YES_AGGRESSIVE;
				CLANG_WARN_UNREACHABLE_CODE = YES;
				CLANG_WARN__DUPLICATE_METHOD_MATCH = YES;
				CODE_SIGN_IDENTITY = "-";
				COPY_PHASE_STRIP = NO;
				DEBUG_INFORMATION_FORMAT = "dwarf-with-dsym";
				ENABLE_NS_ASSERTIONS = NO;
				ENABLE_STRICT_OBJC_MSGSEND = YES;
				GCC_C_LANGUAGE_STANDARD = gnu11;
				GCC_NO_COMMON_BLOCKS = YES;
				GCC_WARN_64_TO_32_BIT_CONVERSION = YES;
				GCC_WARN_ABOUT_RETURN_TYPE = YES_ERROR;
				GCC_WARN_UNDECLARED_SELECTOR = YES;
				GCC_WARN_UNINITIALIZED_AUTOS = YES_AGGRESSIVE;
				GCC_WARN_UNUSED_FUNCTION = YES;
				GCC_WARN_UNUSED_VARIABLE = YES;
				MACOSX_DEPLOYMENT_TARGET = 10.14;
				MTL_ENABLE_DEBUG_INFO = NO;
				MTL_FAST_MATH = YES;
				SDKROOT = macosx;
			};
			name = Release;
		};
		C3DE1FE4245F0B3B001F95C1 /* Debug */ = {
			isa = XCBuildConfiguration;
			buildSettings = {
				CODE_SIGN_STYLE = Automatic;
				PRODUCT_NAME = "$(TARGET_NAME)";
			};
			name = Debug;
		};
		C3DE1FE5245F0B3B001F95C1 /* Release */ = {
			isa = XCBuildConfiguration;
			buildSettings = {
				CODE_SIGN_STYLE = Automatic;
				PRODUCT_NAME = "$(TARGET_NAME)";
			};
			name = Release;
		};
/* End XCBuildConfiguration section */

/* Begin XCConfigurationList section */
		C3DE1FD7245F0B3A001F95C1 /* Build configuration list for PBXProject "placer" */ = {
			isa = XCConfigurationList;
			buildConfigurations = (
				C3DE1FE1245F0B3B001F95C1 /* Debug */,
				C3DE1FE2245F0B3B001F95C1 /* Release */,
			);
			defaultConfigurationIsVisible = 0;
			defaultConfigurationName = Release;
		};
		C3DE1FE3245F0B3B001F95C1 /* Build configuration list for PBXNativeTarget "placer" */ = {
			isa = XCConfigurationList;
			buildConfigurations = (
				C3DE1FE4245F0B3B001F95C1 /* Debug */,
				C3DE1FE5245F0B3B001F95C1 /* Release */,
			);
			defaultConfigurationIsVisible = 0;
			defaultConfigurationName = Release;
		};
/* End XCConfigurationList section */
	};
	rootObject = C3DE1FD4245F0B3A001F95C1 /* Project object */;
}
